
Microsoft Visual Studio Solution File, Format Version 11.00
# Visual Studio 2010
Project("{F184B08F-C81C-45F6-A57F-5ABD9991F28F}") = "MCQ", "MCQ\MCQ.vbproj", "{97E8F6E5-F179-4048-BC45-DBD24D79EAB5}"
EndProject
Global
	GlobalSection(SolutionConfigurationPlatforms) = preSolution
		Debug|x86 = Debug|x86
		Release|x86 = Release|x86
	EndGlobalSection
	GlobalSection(ProjectConfigurationPlatforms) = postSolution
		{97E8F6E5-F179-4048-BC45-DBD24D79EAB5}.Debug|x86.ActiveCfg = Debug|x86
		{97E8F6E5-F179-4048-BC45-DBD24D79EAB5}.Debug|x86.Build.0 = Debug|x86
		{97E8F6E5-F179-4048-BC45-DBD24D79EAB5}.Release|x86.ActiveCfg = Release|x86
		{97E8F6E5-F179-4048-BC45-DBD24D79EAB5}.Release|x86.Build.0 = Release|x86
	EndGlobalSection
	GlobalSection(SolutionProperties) = preSolution
		HideSolutionNode = FALSE
	EndGlobalSection
EndGlobal
